{
  "requires": true,
  "lockfileVersion": 1,
  "dependencies": {
    "pop_util": {
      "version": "1.0.0",
      "resolved": "https://registry.npmjs.org/pop_util/-/pop_util-1.0.0.tgz",
      "integrity": "sha512-1pIN/hZeqpFV8N/nmKXk9kkqx1G2Ghv/Y8biEIk8iiRlgQELLUzgBSOon4+LuP/kmwr6AdvooUazJ5hNwt56vg=="
    }
  }
}
